
Microsoft Visual Studio Solution File, Format Version 12.00
# Visual Studio Version 16
VisualStudioVersion = 16.0.30114.105
MinimumVisualStudioVersion = 10.0.40219.1
Project("{FAE04EC0-301F-11D3-BF4B-00C04F79EFBC}") = "NoA.DateRange", "NoA.DateRange\NoA.DateRange.csproj", "{EB6D2CF7-4A1E-486F-B30F-9FA83A7D6BAA}"
EndProject
Project("{FAE04EC0-301F-11D3-BF4B-00C04F79EFBC}") = "NoA.DateRange.Tests", "NoA.DateRange.Tests\NoA.DateRange.Tests.csproj", "{2DBC846E-3219-4909-B57F-78836DFCF221}"
EndProject
Global
	GlobalSection(SolutionConfigurationPlatforms) = preSolution
		Debug|Any CPU = Debug|Any CPU
		Release|Any CPU = Release|Any CPU
	EndGlobalSection
	GlobalSection(SolutionProperties) = preSolution
		HideSolutionNode = FALSE
	EndGlobalSection
	GlobalSection(ProjectConfigurationPlatforms) = postSolution
		{EB6D2CF7-4A1E-486F-B30F-9FA83A7D6BAA}.Debug|Any CPU.ActiveCfg = Debug|Any CPU
		{EB6D2CF7-4A1E-486F-B30F-9FA83A7D6BAA}.Debug|Any CPU.Build.0 = Debug|Any CPU
		{EB6D2CF7-4A1E-486F-B30F-9FA83A7D6BAA}.Release|Any CPU.ActiveCfg = Release|Any CPU
		{EB6D2CF7-4A1E-486F-B30F-9FA83A7D6BAA}.Release|Any CPU.Build.0 = Release|Any CPU
		{2DBC846E-3219-4909-B57F-78836DFCF221}.Debug|Any CPU.ActiveCfg = Debug|Any CPU
		{2DBC846E-3219-4909-B57F-78836DFCF221}.Debug|Any CPU.Build.0 = Debug|Any CPU
		{2DBC846E-3219-4909-B57F-78836DFCF221}.Release|Any CPU.ActiveCfg = Release|Any CPU
		{2DBC846E-3219-4909-B57F-78836DFCF221}.Release|Any CPU.Build.0 = Release|Any CPU
	EndGlobalSection
EndGlobal
